<?xml version="1.0" encoding="utf-8"?>
<Project ToolsVersion="4.0" xmlns="http://schemas.microsoft.com/developer/msbuild/2003">
  <ItemGroup>
    <Filter Include="Source Files">
      <UniqueIdentifier>{4FC737F1-C7A5-4376-A066-2A32D752A2FF}</UniqueIdentifier>
      <Extensions>qml;cpp;c;cc;cxx;def;odl;idl;hpj;bat;asm;asmx</Extensions>
    </Filter>
    <Filter Include="Header Files">
      <UniqueIdentifier>{93995380-89BD-4b04-88EB-625FBE52EBFB}</UniqueIdentifier>
      <Extensions>h;hh;hpp;hxx;hm;inl;inc;xsd</Extensions>
    </Filter>
    <Filter Include="Resource Files">
      <UniqueIdentifier>{67DA6AB6-F800-4c08-8B7A-83BB121AAD01}</UniqueIdentifier>
      <Extensions>qrc;rc;ico;cur;bmp;dlg;rc2;rct;bin;rgs;gif;jpg;jpeg;jpe;resx;tiff;tif;png;wav;mfcribbon-ms</Extensions>
    </Filter>
    <Filter Include="Form Files">
      <UniqueIdentifier>{99349809-55BA-4b9d-BF79-8FDBB0286EB3}</UniqueIdentifier>
      <Extensions>ui</Extensions>
    </Filter>
    <Filter Include="Translation Files">
      <UniqueIdentifier>{639EADAA-A684-42e4-A9AD-28FC9BCB8F7C}</UniqueIdentifier>
      <Extensions>ts</Extensions>
    </Filter>
    <Filter Include="Source Files\data">
      <UniqueIdentifier>{30fc28b8-9e71-4c7b-87e4-a5f0ab1f362a}</UniqueIdentifier>
    </Filter>
    <Filter Include="Source Files\models">
      <UniqueIdentifier>{b737bd57-17e6-4724-8d89-af32cfc9041a}</UniqueIdentifier>
    </Filter>
    <Filter Include="Source Files\logics">
      <UniqueIdentifier>{bafc22cb-e247-41be-866d-3a3a254e9bf5}</UniqueIdentifier>
    </Filter>
    <Filter Include="Source Files\dataAccess">
      <UniqueIdentifier>{2299bf48-981b-4695-8ba1-e35b8a20d165}</UniqueIdentifier>
    </Filter>
    <Filter Include="Source Files\views">
      <UniqueIdentifier>{5fa892cc-d32d-4741-bb36-434bddf74db4}</UniqueIdentifier>
    </Filter>
    <Filter Include="Source Files\utils">
      <UniqueIdentifier>{f211e172-eac0-497d-be43-4857701f8ef6}</UniqueIdentifier>
    </Filter>
    <Filter Include="Source Files\tests">
      <UniqueIdentifier>{2b80e489-bc1f-45cc-b7e9-3f50b09461de}</UniqueIdentifier>
    </Filter>
  </ItemGroup>
  <ItemGroup>
    <QtRcc Include="app.qrc">
      <Filter>Resource Files</Filter>
    </QtRcc>
    <QtUic Include="app.ui">
      <Filter>Form Files</Filter>
    </QtUic>
    <QtMoc Include="app.h">
      <Filter>Header Files</Filter>
    </QtMoc>
    <ClCompile Include="app.cpp">
      <Filter>Source Files</Filter>
    </ClCompile>
  </ItemGroup>
  <ItemGroup>
    <ClCompile Include="main.cpp">
      <Filter>Source Files</Filter>
    </ClCompile>
    <ClCompile Include="sqlite3.c">
      <Filter>Source Files</Filter>
    </ClCompile>
    <ClCompile Include="connection.cpp">
      <Filter>Source Files\dataAccess</Filter>
    </ClCompile>
    <ClCompile Include="logPlayer.cpp">
      <Filter>Source Files\logics</Filter>
    </ClCompile>
    <ClCompile Include="validations.cpp">
      <Filter>Source Files\utils</Filter>
    </ClCompile>
    <ClCompile Include="logPetition.cpp">
      <Filter>Source Files\logics</Filter>
    </ClCompile>
    <ClCompile Include="factories.cpp">
      <Filter>Source Files\utils</Filter>
    </ClCompile>
    <ClCompile Include="helpers.cpp">
      <Filter>Source Files\utils</Filter>
    </ClCompile>
    <ClCompile Include="logHistoric.cpp">
      <Filter>Source Files\logics</Filter>
    </ClCompile>
    <ClCompile Include="stackHistoric.cpp">
      <Filter>Source Files\data</Filter>
    </ClCompile>
    <ClCompile Include="dialogs\tournamentsdialog.cpp">
      <Filter>Source Files</Filter>
    </ClCompile>
    <ClCompile Include="dialogs\playersdialog.cpp">
      <Filter>Source Files</Filter>
    </ClCompile>
    <ClCompile Include="dialogs\teamsdialog.cpp">
      <Filter>Source Files</Filter>
    </ClCompile>
    <ClCompile Include="dialogs\matchesdialog.cpp">
      <Filter>Source Files</Filter>
    </ClCompile>
    <ClCompile Include="dialogs\dialog_manager.cpp">
      <Filter>Source Files</Filter>
    </ClCompile>
    <ClCompile Include="logTeam.cpp">
      <Filter>Source Files\logics</Filter>
    </ClCompile>
    <ClCompile Include="logTournament.cpp">
      <Filter>Source Files\logics</Filter>
    </ClCompile>
    <ClCompile Include="logMatch.cpp">
      <Filter>Source Files\logics</Filter>
    </ClCompile>
    <ClCompile Include="logGame.cpp">
      <Filter>Source Files\logics</Filter>
    </ClCompile>
    <ClCompile Include="queueMatch.cpp">
      <Filter>Source Files\data</Filter>
    </ClCompile>
    <ClCompile Include="queuePetition.cpp">
      <Filter>Source Files\data</Filter>
    </ClCompile>
    <ClCompile Include="logPlayerTest.cpp">
      <Filter>Source Files\tests</Filter>
    </ClCompile>
    <ClCompile Include="logPlayerTest.h">
      <Filter>Source Files\tests</Filter>
    </ClCompile>
    <ClCompile Include="logTeamTest.cpp">
      <Filter>Source Files\tests</Filter>
    </ClCompile>
  </ItemGroup>
  <ItemGroup>
    <ClInclude Include="sqlite3.h">
      <Filter>Header Files</Filter>
    </ClInclude>
    <ClInclude Include="tournaments.h">
      <Filter>Source Files\models</Filter>
    </ClInclude>
    <ClInclude Include="teams.h">
      <Filter>Source Files\models</Filter>
    </ClInclude>
    <ClInclude Include="players.h">
      <Filter>Source Files\models</Filter>
    </ClInclude>
    <ClInclude Include="matches.h">
      <Filter>Source Files\models</Filter>
    </ClInclude>
    <ClInclude Include="petitions.h">
      <Filter>Source Files\models</Filter>
    </ClInclude>
    <ClInclude Include="historics.h">
      <Filter>Source Files\models</Filter>
    </ClInclude>
    <ClInclude Include="logTournament.h">
      <Filter>Source Files\logics</Filter>
    </ClInclude>
    <ClInclude Include="logTeam.h">
      <Filter>Source Files\logics</Filter>
    </ClInclude>
    <ClInclude Include="logPlayer.h">
      <Filter>Source Files\logics</Filter>
    </ClInclude>
    <ClInclude Include="logMatch.h">
      <Filter>Source Files\logics</Filter>
    </ClInclude>
    <ClInclude Include="logPetition.h">
      <Filter>Source Files\logics</Filter>
    </ClInclude>
    <ClInclude Include="logHistoric.h">
      <Filter>Source Files\logics</Filter>
    </ClInclude>
    <ClInclude Include="connection.h">
      <Filter>Source Files\dataAccess</Filter>
    </ClInclude>
    <ClInclude Include="codes.h">
      <Filter>Source Files</Filter>
    </ClInclude>
    <ClInclude Include="validations.h">
      <Filter>Source Files\utils</Filter>
    </ClInclude>
    <ClInclude Include="stackHistoric.h">
      <Filter>Source Files\data</Filter>
    </ClInclude>
    <ClInclude Include="dbResponse.h">
      <Filter>Source Files\models</Filter>
    </ClInclude>
    <ClInclude Include="backendResponse.h">
      <Filter>Source Files\models</Filter>
    </ClInclude>
    <ClInclude Include="factories.h">
      <Filter>Source Files\utils</Filter>
    </ClInclude>
    <ClInclude Include="helpers.h">
      <Filter>Source Files\utils</Filter>
    </ClInclude>
    <ClInclude Include="dbQueryResponse.h">
      <Filter>Source Files\models</Filter>
    </ClInclude>
    <ClInclude Include="backendQueryResponse.h">
      <Filter>Source Files\models</Filter>
    </ClInclude>
    <ClInclude Include="json.hpp">
      <Filter>Header Files</Filter>
    </ClInclude>
    <ClInclude Include="nodeHistoric.h">
      <Filter>Source Files\models</Filter>
    </ClInclude>
    <ClInclude Include="dialogs\ui_tournamentsdialog.h">
      <Filter>Header Files</Filter>
    </ClInclude>
    <ClInclude Include="dialogs\ui_playersdialog.h">
      <Filter>Header Files</Filter>
    </ClInclude>
    <ClInclude Include="dialogs\ui_teamsdialog.h">
      <Filter>Header Files</Filter>
    </ClInclude>
    <ClInclude Include="dialogs\ui_matchesdialog.h">
      <Filter>Header Files</Filter>
    </ClInclude>
    <ClInclude Include="dialogs\dialog_manager.h">
      <Filter>Header Files</Filter>
    </ClInclude>
    <ClInclude Include="logGame.h">
      <Filter>Source Files\logics</Filter>
    </ClInclude>
    <ClInclude Include="queueMatch.h">
      <Filter>Source Files\data</Filter>
    </ClInclude>
    <ClInclude Include="nodeMatch.h">
      <Filter>Source Files\models</Filter>
    </ClInclude>
    <ClInclude Include="nodePetition.h">
      <Filter>Source Files\models</Filter>
    </ClInclude>
    <ClInclude Include="queuePetition.h">
      <Filter>Source Files\data</Filter>
    </ClInclude>
    <ClInclude Include="dlgstyle.h">
      <Filter>Header Files</Filter>
    </ClInclude>
    <ClInclude Include="logTeamTest.h">
      <Filter>Source Files\tests</Filter>
    </ClInclude>
  </ItemGroup>
  <ItemGroup>
    <QtMoc Include="dialogs\matchesdialog.h">
      <Filter>Header Files</Filter>
    </QtMoc>
    <QtMoc Include="dialogs\playersdialog.h">
      <Filter>Header Files</Filter>
    </QtMoc>
    <QtMoc Include="dialogs\teamsdialog.h">
      <Filter>Header Files</Filter>
    </QtMoc>
    <QtMoc Include="dialogs\tournamentsdialog.h">
      <Filter>Header Files</Filter>
    </QtMoc>
  </ItemGroup>
</Project>